
Microsoft Visual Studio Solution File, Format Version 12.00
# Visual Studio Version 16
VisualStudioVersion = 16.0.29920.165
MinimumVisualStudioVersion = 10.0.40219.1
Project("{FAE04EC0-301F-11D3-BF4B-00C04F79EFBC}") = "WordVader", "WordVader\WordVader.csproj", "{69FD70F7-1243-4EED-BE46-870E7D613E04}"
EndProject
Global
	GlobalSection(SolutionConfigurationPlatforms) = preSolution
		Debug|Any CPU = Debug|Any CPU
		Release|Any CPU = Release|Any CPU
	EndGlobalSection
	GlobalSection(ProjectConfigurationPlatforms) = postSolution
		{69FD70F7-1243-4EED-BE46-870E7D613E04}.Debug|Any CPU.ActiveCfg = Debug|Any CPU
		{69FD70F7-1243-4EED-BE46-870E7D613E04}.Debug|Any CPU.Build.0 = Debug|Any CPU
		{69FD70F7-1243-4EED-BE46-870E7D613E04}.Release|Any CPU.ActiveCfg = Release|Any CPU
		{69FD70F7-1243-4EED-BE46-870E7D613E04}.Release|Any CPU.Build.0 = Release|Any CPU
	EndGlobalSection
	GlobalSection(SolutionProperties) = preSolution
		HideSolutionNode = FALSE
	EndGlobalSection
	GlobalSection(ExtensibilityGlobals) = postSolution
		SolutionGuid = {5A07F4F6-9A3E-4DA5-9E1B-D6BE2870F452}
	EndGlobalSection
EndGlobal
